
Microsoft Visual Studio Solution File, Format Version 12.00
# Visual Studio Version 17
VisualStudioVersion = 17.8.34322.80
MinimumVisualStudioVersion = 10.0.40219.1
Project("{9A19103F-16F7-4668-BE54-9A1E7A4F7556}") = "Day 1", "Day 1\Day 1.csproj", "{E4E58EB4-37B8-4F22-B43F-A298A941E1C3}"
EndProject
Project("{9A19103F-16F7-4668-BE54-9A1E7A4F7556}") = "Day 2", "Day 2\Day 2.csproj", "{FFD3BDAB-524D-43DA-8BAB-E3D349FE0856}"
EndProject
Project("{FAE04EC0-301F-11D3-BF4B-00C04F79EFBC}") = "Day 3", "Day 3\Day 3.csproj", "{02C457F7-FB98-42FA-BD44-7DD79DFEDDE7}"
EndProject
Global
	GlobalSection(SolutionConfigurationPlatforms) = preSolution
		Debug|Any CPU = Debug|Any CPU
		Release|Any CPU = Release|Any CPU
	EndGlobalSection
	GlobalSection(ProjectConfigurationPlatforms) = postSolution
		{E4E58EB4-37B8-4F22-B43F-A298A941E1C3}.Debug|Any CPU.ActiveCfg = Debug|Any CPU
		{E4E58EB4-37B8-4F22-B43F-A298A941E1C3}.Debug|Any CPU.Build.0 = Debug|Any CPU
		{E4E58EB4-37B8-4F22-B43F-A298A941E1C3}.Release|Any CPU.ActiveCfg = Release|Any CPU
		{E4E58EB4-37B8-4F22-B43F-A298A941E1C3}.Release|Any CPU.Build.0 = Release|Any CPU
		{FFD3BDAB-524D-43DA-8BAB-E3D349FE0856}.Debug|Any CPU.ActiveCfg = Debug|Any CPU
		{FFD3BDAB-524D-43DA-8BAB-E3D349FE0856}.Debug|Any CPU.Build.0 = Debug|Any CPU
		{FFD3BDAB-524D-43DA-8BAB-E3D349FE0856}.Release|Any CPU.ActiveCfg = Release|Any CPU
		{FFD3BDAB-524D-43DA-8BAB-E3D349FE0856}.Release|Any CPU.Build.0 = Release|Any CPU
		{02C457F7-FB98-42FA-BD44-7DD79DFEDDE7}.Debug|Any CPU.ActiveCfg = Debug|Any CPU
		{02C457F7-FB98-42FA-BD44-7DD79DFEDDE7}.Debug|Any CPU.Build.0 = Debug|Any CPU
		{02C457F7-FB98-42FA-BD44-7DD79DFEDDE7}.Release|Any CPU.ActiveCfg = Release|Any CPU
		{02C457F7-FB98-42FA-BD44-7DD79DFEDDE7}.Release|Any CPU.Build.0 = Release|Any CPU
	EndGlobalSection
	GlobalSection(SolutionProperties) = preSolution
		HideSolutionNode = FALSE
	EndGlobalSection
	GlobalSection(ExtensibilityGlobals) = postSolution
		SolutionGuid = {BF60B027-47F3-4FE6-B743-04B8358B358E}
	EndGlobalSection
EndGlobal
